// !$*UTF8*$!
{
	archiveVersion = 1;
	classes = {
	};
	objectVersion = 46;
	objects = {

/* Begin PBXBuildFile section */
		4637F3C91A827DB4002C2C9A /* AppDelegate.swift in Sources */ = {isa = PBXBuildFile; fileRef = 4637F3C81A827DB4002C2C9A /* AppDelegate.swift */; };
		4637F3CB1A827DB4002C2C9A /* ViewController.swift in Sources */ = {isa = PBXBuildFile; fileRef = 4637F3CA1A827DB4002C2C9A /* ViewController.swift */; };
		4637F3CE1A827DB4002C2C9A /* Main.storyboard in Resources */ = {isa = PBXBuildFile; fileRef = 4637F3CC1A827DB4002C2C9A /* Main.storyboard */; };
		4637F3D01A827DB4002C2C9A /* Images.xcassets in Resources */ = {isa = PBXBuildFile; fileRef = 4637F3CF1A827DB4002C2C9A /* Images.xcassets */; };
		4637F3D31A827DB4002C2C9A /* LaunchScreen.xib in Resources */ = {isa = PBXBuildFile; fileRef = 4637F3D11A827DB4002C2C9A /* LaunchScreen.xib */; };
		4637F3DF1A827DB4002C2C9A /* HelloTests.swift in Sources */ = {isa = PBXBuildFile; fileRef = 4637F3DE1A827DB4002C2C9A /* HelloTests.swift */; };
/* End PBXBuildFile section */

/* Begin PBXContainerItemProxy section */
		4637F3D91A827DB4002C2C9A /* PBXContainerItemProxy */ = {
			isa = PBXContainerItemProxy;
			containerPortal = 4637F3BB1A827DB4002C2C9A /* Project object */;
			proxyType = 1;
			remoteGlobalIDString = 4637F3C21A827DB4002C2C9A;
			remoteInfo = Hello;
		};
/* End PBXContainerItemProxy section */

/* Begin PBXFileReference section */
		4637F3C31A827DB4002C2C9A /* Hello.app */ = {isa = PBXFileReference; explicitFileType = wrapper.application; includeInIndex = 0; path = Hello.app; sourceTree = BUILT_PRODUCTS_DIR; };
		4637F3C71A827DB4002C2C9A /* Info.plist */ = {isa = PBXFileReference; lastKnownFileType = text.plist.xml; path = Info.plist; sourceTree = "<group>"; };
		4637F3C81A827DB4002C2C9A /* AppDelegate.swift */ = {isa = PBXFileReference; lastKnownFileType = sourcecode.swift; path = AppDelegate.swift; sourceTree = "<group>"; };
		4637F3CA1A827DB4002C2C9A /* ViewController.swift */ = {isa = PBXFileReference; lastKnownFileType = sourcecode.swift; path = ViewController.swift; sourceTree = "<group>"; };
		4637F3CD1A827DB4002C2C9A /* Base */ = {isa = PBXFileReference; lastKnownFileType = file.storyboard; name = Base; path = Base.lproj/Main.storyboard; sourceTree = "<group>"; };
		4637F3CF1A827DB4002C2C9A /* Images.xcassets */ = {isa = PBXFileReference; lastKnownFileType = folder.assetcatalog; path = Images.xcassets; sourceTree = "<group>"; };
		4637F3D21A827DB4002C2C9A /* Base */ = {isa = PBXFileReference; lastKnownFileType = file.xib; name = Base; path = Base.lproj/LaunchScreen.xib; sourceTree = "<group>"; };
		4637F3D81A827DB4002C2C9A /* HelloTests.xctest */ = {isa = PBXFileReference; explicitFileType = wrapper.cfbundle; includeInIndex = 0; path = HelloTests.xctest; sourceTree = BUILT_PRODUCTS_DIR; };
		4637F3DD1A827DB4002C2C9A /* Info.plist */ = {isa = PBXFileReference; lastKnownFileType = text.plist.xml; path = Info.plist; sourceTree = "<group>"; };
		4637F3DE1A827DB4002C2C9A /* HelloTests.swift */ = {isa = PBXFileReference; lastKnownFileType = sourcecode.swift; path = HelloTests.swift; sourceTree = "<group>"; };
/* End PBXFileReference section */

/* Begin PBXFrameworksBuildPhase section */
		4637F3C01A827DB4002C2C9A /* Frameworks */ = {
			isa = PBXFrameworksBuildPhase;
			buildActionMask = 2147483647;
			files = (
			);
			runOnlyForDeploymentPostprocessing = 0;
		};
		4637F3D51A827DB4002C2C9A /* Frameworks */ = {
			isa = PBXFrameworksBuildPhase;
			buildActionMask = 2147483647;
			files = (
			);
			runOnlyForDeploymentPostprocessing = 0;
		};
/* End PBXFrameworksBuildPhase section */

/* Begin PBXGroup section */
		4637F3BA1A827DB4002C2C9A = {
			isa = PBXGroup;
			children = (
				4637F3C51A827DB4002C2C9A /* Hello */,
				4637F3DB1A827DB4002C2C9A /* HelloTests */,
				4637F3C41A827DB4002C2C9A /* Products */,
			);
			sourceTree = "<group>";
		};
		4637F3C41A827DB4002C2C9A /* Products */ = {
			isa = PBXGroup;
			children = (
				4637F3C31A827DB4002C2C9A /* Hello.app */,
				4637F3D81A827DB4002C2C9A /* HelloTests.xctest */,
			);
			name = Products;
			sourceTree = "<group>";
		};
		4637F3C51A827DB4002C2C9A /* Hello */ = {
			isa = PBXGroup;
			children = (
				4637F3C81A827DB4002C2C9A /* AppDelegate.swift */,
				4637F3CA1A827DB4002C2C9A /* ViewController.swift */,
				4637F3CC1A827DB4002C2C9A /* Main.storyboard */,
				4637F3CF1A827DB4002C2C9A /* Images.xcassets */,
				4637F3D11A827DB4002C2C9A /* LaunchScreen.xib */,
				4637F3C61A827DB4002C2C9A /* Supporting Files */,
			);
			path = Hello;
			sourceTree = "<group>";
		};
		4637F3C61A827DB4002C2C9A /* Supporting Files */ = {
			isa = PBXGroup;
			children = (
				4637F3C71A827DB4002C2C9A /* Info.plist */,
			);
			name = "Supporting Files";
			sourceTree = "<group>";
		};
		4637F3DB1A827DB4002C2C9A /* HelloTests */ = {
			isa = PBXGroup;
			children = (
				4637F3DE1A827DB4002C2C9A /* HelloTests.swift */,
				4637F3DC1A827DB4002C2C9A /* Supporting Files */,
			);
			path = HelloTests;
			sourceTree = "<group>";
		};
		4637F3DC1A827DB4002C2C9A /* Supporting Files */ = {
			isa = PBXGroup;
			children = (
				4637F3DD1A827DB4002C2C9A /* Info.plist */,
			);
			name = "Supporting Files";
			sourceTree = "<group>";
		};
/* End PBXGroup section */

/* Begin PBXNativeTarget section */
		4637F3C21A827DB4002C2C9A /* Hello */ = {
			isa = PBXNativeTarget;
			buildConfigurationList = 4637F3E21A827DB4002C2C9A /* Build configuration list for PBXNativeTarget "Hello" */;
			buildPhases = (
				4637F3BF1A827DB4002C2C9A /* Sources */,
				4637F3C01A827DB4002C2C9A /* Frameworks */,
				4637F3C11A827DB4002C2C9A /* Resources */,
			);
			buildRules = (
			);
			dependencies = (
			);
			name = Hello;
			productName = Hello;
			productReference = 4637F3C31A827DB4002C2C9A /* Hello.app */;
			productType = "com.apple.product-type.application";
		};
		4637F3D71A827DB4002C2C9A /* HelloTests */ = {
			isa = PBXNativeTarget;
			buildConfigurationList = 4637F3E51A827DB4002C2C9A /* Build configuration list for PBXNativeTarget "HelloTests" */;
			buildPhases = (
				4637F3D41A827DB4002C2C9A /* Sources */,
				4637F3D51A827DB4002C2C9A /* Frameworks */,
				4637F3D61A827DB4002C2C9A /* Resources */,
			);
			buildRules = (
			);
			dependencies = (
				4637F3DA1A827DB4002C2C9A /* PBXTargetDependency */,
			);
			name = HelloTests;
			productName = HelloTests;
			productReference = 4637F3D81A827DB4002C2C9A /* HelloTests.xctest */;
			productType = "com.apple.product-type.bundle.unit-test";
		};
/* End PBXNativeTarget section */

/* Begin PBXProject section */
		4637F3BB1A827DB4002C2C9A /* Project object */ = {
			isa = PBXProject;
			attributes = {
				LastUpgradeCheck = 0610;
				ORGANIZATIONNAME = "Abhishek Sharma";
				TargetAttributes = {
					4637F3C21A827DB4002C2C9A = {
						CreatedOnToolsVersion = 6.1.1;
					};
					4637F3D71A827DB4002C2C9A = {
						CreatedOnToolsVersion = 6.1.1;
						TestTargetID = 4637F3C21A827DB4002C2C9A;
					};
				};
			};
			buildConfigurationList = 4637F3BE1A827DB4002C2C9A /* Build configuration list for PBXProject "Hello" */;
			compatibilityVersion = "Xcode 3.2";
			developmentRegion = English;
			hasScannedForEncodings = 0;
			knownRegions = (
				en,
				Base,
			);
			mainGroup = 4637F3BA1A827DB4002C2C9A;
			productRefGroup = 4637F3C41A827DB4002C2C9A /* Products */;
			projectDirPath = "";
			projectRoot = "";
			targets = (
				4637F3C21A827DB4002C2C9A /* Hello */,
				4637F3D71A827DB4002C2C9A /* HelloTests */,
			);
		};
/* End PBXProject section */

/* Begin PBXResourcesBuildPhase section */
		4637F3C11A827DB4002C2C9A /* Resources */ = {
			isa = PBXResourcesBuildPhase;
			buildActionMask = 2147483647;
			files = (
				4637F3CE1A827DB4002C2C9A /* Main.storyboard in Resources */,
				4637F3D31A827DB4002C2C9A /* LaunchScreen.xib in Resources */,
				4637F3D01A827DB4002C2C9A /* Images.xcassets in Resources */,
			);
			runOnlyForDeploymentPostprocessing = 0;
		};
		4637F3D61A827DB4002C2C9A /* Resources */ = {
			isa = PBXResourcesBuildPhase;
			buildActionMask = 2147483647;
			files = (
			);
			runOnlyForDeploymentPostprocessing = 0;
		};
/* End PBXResourcesBuildPhase section */

/* Begin PBXSourcesBuildPhase section */
		4637F3BF1A827DB4002C2C9A /* Sources */ = {
			isa = PBXSourcesBuildPhase;
			buildActionMask = 2147483647;
			files = (
				4637F3CB1A827DB4002C2C9A /* ViewController.swift in Sources */,
				4637F3C91A827DB4002C2C9A /* AppDelegate.swift in Sources */,
			);
			runOnlyForDeploymentPostprocessing = 0;
		};
		4637F3D41A827DB4002C2C9A /* Sources */ = {
			isa = PBXSourcesBuildPhase;
			buildActionMask = 2147483647;
			files = (
				4637F3DF1A827DB4002C2C9A /* HelloTests.swift in Sources */,
			);
			runOnlyForDeploymentPostprocessing = 0;
		};
/* End PBXSourcesBuildPhase section */

/* Begin PBXTargetDependency section */
		4637F3DA1A827DB4002C2C9A /* PBXTargetDependency */ = {
			isa = PBXTargetDependency;
			target = 4637F3C21A827DB4002C2C9A /* Hello */;
			targetProxy = 4637F3D91A827DB4002C2C9A /* PBXContainerItemProxy */;
		};
/* End PBXTargetDependency section */

/* Begin PBXVariantGroup section */
		4637F3CC1A827DB4002C2C9A /* Main.storyboard */ = {
			isa = PBXVariantGroup;
			children = (
				4637F3CD1A827DB4002C2C9A /* Base */,
			);
			name = Main.storyboard;
			sourceTree = "<group>";
		};
		4637F3D11A827DB4002C2C9A /* LaunchScreen.xib */ = {
			isa = PBXVariantGroup;
			children = (
				4637F3D21A827DB4002C2C9A /* Base */,
			);
			name = LaunchScreen.xib;
			sourceTree = "<group>";
		};
/* End PBXVariantGroup section */

/* Begin XCBuildConfiguration section */
		4637F3E01A827DB4002C2C9A /* Debug */ = {
			isa = XCBuildConfiguration;
			buildSettings = {
				ALWAYS_SEARCH_USER_PATHS = NO;
				CLANG_CXX_LANGUAGE_STANDARD = "gnu++0x";
				CLANG_CXX_LIBRARY = "libc++";
				CLANG_ENABLE_MODULES = YES;
				CLANG_ENABLE_OBJC_ARC = YES;
				CLANG_WARN_BOOL_CONVERSION = YES;
				CLANG_WARN_CONSTANT_CONVERSION = YES;
				CLANG_WARN_DIRECT_OBJC_ISA_USAGE = YES_ERROR;
				CLANG_WARN_EMPTY_BODY = YES;
				CLANG_WARN_ENUM_CONVERSION = YES;
				CLANG_WARN_INT_CONVERSION = YES;
				CLANG_WARN_OBJC_ROOT_CLASS = YES_ERROR;
				CLANG_WARN_UNREACHABLE_CODE = YES;
				CLANG_WARN__DUPLICATE_METHOD_MATCH = YES;
				"CODE_SIGN_IDENTITY[sdk=iphoneos*]" = "iPhone Developer";
				COPY_PHASE_STRIP = NO;
				ENABLE_STRICT_OBJC_MSGSEND = YES;
				GCC_C_LANGUAGE_STANDARD = gnu99;
				GCC_DYNAMIC_NO_PIC = NO;
				GCC_OPTIMIZATION_LEVEL = 0;
				GCC_PREPROCESSOR_DEFINITIONS = (
					"DEBUG=1",
					"$(inherited)",
				);
				GCC_SYMBOLS_PRIVATE_EXTERN = NO;
				GCC_WARN_64_TO_32_BIT_CONVERSION = YES;
				GCC_WARN_ABOUT_RETURN_TYPE = YES_ERROR;
				GCC_WARN_UNDECLARED_SELECTOR = YES;
				GCC_WARN_UNINITIALIZED_AUTOS = YES_AGGRESSIVE;
				GCC_WARN_UNUSED_FUNCTION = YES;
				GCC_WARN_UNUSED_VARIABLE = YES;
				IPHONEOS_DEPLOYMENT_TARGET = 8.1;
				MTL_ENABLE_DEBUG_INFO = YES;
				ONLY_ACTIVE_ARCH = YES;
				SDKROOT = iphoneos;
				SWIFT_OPTIMIZATION_LEVEL = "-Onone";
				TARGETED_DEVICE_FAMILY = "1,2";
			};
			name = Debug;
		};
		4637F3E11A827DB4002C2C9A /* Release */ = {
			isa = XCBuildConfiguration;
			buildSettings = {
				ALWAYS_SEARCH_USER_PATHS = NO;
				CLANG_CXX_LANGUAGE_STANDARD = "gnu++0x";
				CLANG_CXX_LIBRARY = "libc++";
				CLANG_ENABLE_MODULES = YES;
				CLANG_ENABLE_OBJC_ARC = YES;
				CLANG_WARN_BOOL_CONVERSION = YES;
				CLANG_WARN_CONSTANT_CONVERSION = YES;
				CLANG_WARN_DIRECT_OBJC_ISA_USAGE = YES_ERROR;
				CLANG_WARN_EMPTY_BODY = YES;
				CLANG_WARN_ENUM_CONVERSION = YES;
				CLANG_WARN_INT_CONVERSION = YES;
				CLANG_WARN_OBJC_ROOT_CLASS = YES_ERROR;
				CLANG_WARN_UNREACHABLE_CODE = YES;
				CLANG_WARN__DUPLICATE_METHOD_MATCH = YES;
				"CODE_SIGN_IDENTITY[sdk=iphoneos*]" = "iPhone Developer";
				COPY_PHASE_STRIP = YES;
				ENABLE_NS_ASSERTIONS = NO;
				ENABLE_STRICT_OBJC_MSGSEND = YES;
				GCC_C_LANGUAGE_STANDARD = gnu99;
				GCC_WARN_64_TO_32_BIT_CONVERSION = YES;
				GCC_WARN_ABOUT_RETURN_TYPE = YES_ERROR;
				GCC_WARN_UNDECLARED_SELECTOR = YES;
				GCC_WARN_UNINITIALIZED_AUTOS = YES_AGGRESSIVE;
				GCC_WARN_UNUSED_FUNCTION = YES;
				GCC_WARN_UNUSED_VARIABLE = YES;
				IPHONEOS_DEPLOYMENT_TARGET = 8.1;
				MTL_ENABLE_DEBUG_INFO = NO;
				SDKROOT = iphoneos;
				TARGETED_DEVICE_FAMILY = "1,2";
				VALIDATE_PRODUCT = YES;
			};
			name = Release;
		};
		4637F3E31A827DB4002C2C9A /* Debug */ = {
			isa = XCBuildConfiguration;
			buildSettings = {
				ASSETCATALOG_COMPILER_APPICON_NAME = AppIcon;
				INFOPLIST_FILE = Hello/Info.plist;
				LD_RUNPATH_SEARCH_PATHS = "$(inherited) @executable_path/Frameworks";
				PRODUCT_NAME = "$(TARGET_NAME)";
			};
			name = Debug;
		};
		4637F3E41A827DB4002C2C9A /* Release */ = {
			isa = XCBuildConfiguration;
			buildSettings = {
				ASSETCATALOG_COMPILER_APPICON_NAME = AppIcon;
				INFOPLIST_FILE = Hello/Info.plist;
				LD_RUNPATH_SEARCH_PATHS = "$(inherited) @executable_path/Frameworks";
				PRODUCT_NAME = "$(TARGET_NAME)";
			};
			name = Release;
		};
		4637F3E61A827DB4002C2C9A /* Debug */ = {
			isa = XCBuildConfiguration;
			buildSettings = {
				BUNDLE_LOADER = "$(TEST_HOST)";
				FRAMEWORK_SEARCH_PATHS = (
					"$(SDKROOT)/Developer/Library/Frameworks",
					"$(inherited)",
				);
				GCC_PREPROCESSOR_DEFINITIONS = (
					"DEBUG=1",
					"$(inherited)",
				);
				INFOPLIST_FILE = HelloTests/Info.plist;
				LD_RUNPATH_SEARCH_PATHS = "$(inherited) @executable_path/Frameworks @loader_path/Frameworks";
				PRODUCT_NAME = "$(TARGET_NAME)";
				TEST_HOST = "$(BUILT_PRODUCTS_DIR)/Hello.app/Hello";
			};
			name = Debug;
		};
		4637F3E71A827DB4002C2C9A /* Release */ = {
			isa = XCBuildConfiguration;
			buildSettings = {
				BUNDLE_LOADER = "$(TEST_HOST)";
				FRAMEWORK_SEARCH_PATHS = (
					"$(SDKROOT)/Developer/Library/Frameworks",
					"$(inherited)",
				);
				INFOPLIST_FILE = HelloTests/Info.plist;
				LD_RUNPATH_SEARCH_PATHS = "$(inherited) @executable_path/Frameworks @loader_path/Frameworks";
				PRODUCT_NAME = "$(TARGET_NAME)";
				TEST_HOST = "$(BUILT_PRODUCTS_DIR)/Hello.app/Hello";
			};
			name = Release;
		};
/* End XCBuildConfiguration section */

/* Begin XCConfigurationList section */
		4637F3BE1A827DB4002C2C9A /* Build configuration list for PBXProject "Hello" */ = {
			isa = XCConfigurationList;
			buildConfigurations = (
				4637F3E01A827DB4002C2C9A /* Debug */,
				4637F3E11A827DB4002C2C9A /* Release */,
			);
			defaultConfigurationIsVisible = 0;
			defaultConfigurationName = Release;
		};
		4637F3E21A827DB4002C2C9A /* Build configuration list for PBXNativeTarget "Hello" */ = {
			isa = XCConfigurationList;
			buildConfigurations = (
				4637F3E31A827DB4002C2C9A /* Debug */,
				4637F3E41A827DB4002C2C9A /* Release */,
			);
			defaultConfigurationIsVisible = 0;
		};
		4637F3E51A827DB4002C2C9A /* Build configuration list for PBXNativeTarget "HelloTests" */ = {
			isa = XCConfigurationList;
			buildConfigurations = (
				4637F3E61A827DB4002C2C9A /* Debug */,
				4637F3E71A827DB4002C2C9A /* Release */,
			);
			defaultConfigurationIsVisible = 0;
		};
/* End XCConfigurationList section */
	};
	rootObject = 4637F3BB1A827DB4002C2C9A /* Project object */;
}
